// !$*UTF8*$!
{
	archiveVersion = 1;
	classes = {
	};
	objectVersion = 51;
	objects = {

/* Begin PBXBuildFile section */
		67DD0BAE4542CE6EB9266FFD /* Pods_daikiri_swift.framework in Frameworks */ = {isa = PBXBuildFile; fileRef = B8C752F0964592BD036E7617 /* Pods_daikiri_swift.framework */; };
		8D3C8EB023C4E0ED003A5993 /* AppDelegate.swift in Sources */ = {isa = PBXBuildFile; fileRef = 8D3C8EAF23C4E0ED003A5993 /* AppDelegate.swift */; };
		8D3C8EB223C4E0ED003A5993 /* SceneDelegate.swift in Sources */ = {isa = PBXBuildFile; fileRef = 8D3C8EB123C4E0ED003A5993 /* SceneDelegate.swift */; };
		8D3C8EB423C4E0ED003A5993 /* ViewController.swift in Sources */ = {isa = PBXBuildFile; fileRef = 8D3C8EB323C4E0ED003A5993 /* ViewController.swift */; };
		8D3C8EB723C4E0ED003A5993 /* Main.storyboard in Resources */ = {isa = PBXBuildFile; fileRef = 8D3C8EB523C4E0ED003A5993 /* Main.storyboard */; };
		8D3C8EBA23C4E0ED003A5993 /* daikiri_swift.xcdatamodeld in Sources */ = {isa = PBXBuildFile; fileRef = 8D3C8EB823C4E0ED003A5993 /* daikiri_swift.xcdatamodeld */; };
		8D3C8EBC23C4E0EE003A5993 /* Assets.xcassets in Resources */ = {isa = PBXBuildFile; fileRef = 8D3C8EBB23C4E0EE003A5993 /* Assets.xcassets */; };
		8D3C8EBF23C4E0EE003A5993 /* LaunchScreen.storyboard in Resources */ = {isa = PBXBuildFile; fileRef = 8D3C8EBD23C4E0EE003A5993 /* LaunchScreen.storyboard */; };
		8D3C8ECA23C4E0EF003A5993 /* daikiri_swiftTests.swift in Sources */ = {isa = PBXBuildFile; fileRef = 8D3C8EC923C4E0EF003A5993 /* daikiri_swiftTests.swift */; };
		8D3C8ED823C4E160003A5993 /* Daikiri.swift in Sources */ = {isa = PBXBuildFile; fileRef = 8D3C8ED523C4E160003A5993 /* Daikiri.swift */; };
		8D3C8ED923C4E160003A5993 /* DaikiriCoreData.swift in Sources */ = {isa = PBXBuildFile; fileRef = 8D3C8ED623C4E160003A5993 /* DaikiriCoreData.swift */; };
		8D3C8EDA23C4E160003A5993 /* QueryBuilder.swift in Sources */ = {isa = PBXBuildFile; fileRef = 8D3C8ED723C4E160003A5993 /* QueryBuilder.swift */; };
		FC39CB2F52C23ED14BB9B9AC /* Pods_daikiri_swiftTests.framework in Frameworks */ = {isa = PBXBuildFile; fileRef = 13AE31F37DFC78C22B59C6A9 /* Pods_daikiri_swiftTests.framework */; };
/* End PBXBuildFile section */

/* Begin PBXContainerItemProxy section */
		8D3C8EC623C4E0EF003A5993 /* PBXContainerItemProxy */ = {
			isa = PBXContainerItemProxy;
			containerPortal = 8D3C8EA423C4E0ED003A5993 /* Project object */;
			proxyType = 1;
			remoteGlobalIDString = 8D3C8EAB23C4E0ED003A5993;
			remoteInfo = "daikiri-swift";
		};
/* End PBXContainerItemProxy section */

/* Begin PBXFileReference section */
		13AE31F37DFC78C22B59C6A9 /* Pods_daikiri_swiftTests.framework */ = {isa = PBXFileReference; explicitFileType = wrapper.framework; includeInIndex = 0; path = Pods_daikiri_swiftTests.framework; sourceTree = BUILT_PRODUCTS_DIR; };
		6B15274CC87BC3800CE6DEB3 /* Pods-daikiri-swift.debug.xcconfig */ = {isa = PBXFileReference; includeInIndex = 1; lastKnownFileType = text.xcconfig; name = "Pods-daikiri-swift.debug.xcconfig"; path = "Target Support Files/Pods-daikiri-swift/Pods-daikiri-swift.debug.xcconfig"; sourceTree = "<group>"; };
		6E7D03A32F5CBB58C0F27F1D /* Pods-daikiri-swiftTests.debug.xcconfig */ = {isa = PBXFileReference; includeInIndex = 1; lastKnownFileType = text.xcconfig; name = "Pods-daikiri-swiftTests.debug.xcconfig"; path = "Target Support Files/Pods-daikiri-swiftTests/Pods-daikiri-swiftTests.debug.xcconfig"; sourceTree = "<group>"; };
		787FBA9EE07368B631E3D178 /* Pods-daikiri-swift.release.xcconfig */ = {isa = PBXFileReference; includeInIndex = 1; lastKnownFileType = text.xcconfig; name = "Pods-daikiri-swift.release.xcconfig"; path = "Target Support Files/Pods-daikiri-swift/Pods-daikiri-swift.release.xcconfig"; sourceTree = "<group>"; };
		8D3C8EAC23C4E0ED003A5993 /* daikiri-swift.app */ = {isa = PBXFileReference; explicitFileType = wrapper.application; includeInIndex = 0; path = "daikiri-swift.app"; sourceTree = BUILT_PRODUCTS_DIR; };
		8D3C8EAF23C4E0ED003A5993 /* AppDelegate.swift */ = {isa = PBXFileReference; lastKnownFileType = sourcecode.swift; path = AppDelegate.swift; sourceTree = "<group>"; };
		8D3C8EB123C4E0ED003A5993 /* SceneDelegate.swift */ = {isa = PBXFileReference; lastKnownFileType = sourcecode.swift; path = SceneDelegate.swift; sourceTree = "<group>"; };
		8D3C8EB323C4E0ED003A5993 /* ViewController.swift */ = {isa = PBXFileReference; lastKnownFileType = sourcecode.swift; path = ViewController.swift; sourceTree = "<group>"; };
		8D3C8EB623C4E0ED003A5993 /* Base */ = {isa = PBXFileReference; lastKnownFileType = file.storyboard; name = Base; path = Base.lproj/Main.storyboard; sourceTree = "<group>"; };
		8D3C8EB923C4E0ED003A5993 /* daikiri_swift.xcdatamodel */ = {isa = PBXFileReference; lastKnownFileType = wrapper.xcdatamodel; path = daikiri_swift.xcdatamodel; sourceTree = "<group>"; };
		8D3C8EBB23C4E0EE003A5993 /* Assets.xcassets */ = {isa = PBXFileReference; lastKnownFileType = folder.assetcatalog; path = Assets.xcassets; sourceTree = "<group>"; };
		8D3C8EBE23C4E0EE003A5993 /* Base */ = {isa = PBXFileReference; lastKnownFileType = file.storyboard; name = Base; path = Base.lproj/LaunchScreen.storyboard; sourceTree = "<group>"; };
		8D3C8EC023C4E0EE003A5993 /* Info.plist */ = {isa = PBXFileReference; lastKnownFileType = text.plist.xml; path = Info.plist; sourceTree = "<group>"; };
		8D3C8EC523C4E0EF003A5993 /* daikiri-swiftTests.xctest */ = {isa = PBXFileReference; explicitFileType = wrapper.cfbundle; includeInIndex = 0; path = "daikiri-swiftTests.xctest"; sourceTree = BUILT_PRODUCTS_DIR; };
		8D3C8EC923C4E0EF003A5993 /* daikiri_swiftTests.swift */ = {isa = PBXFileReference; lastKnownFileType = sourcecode.swift; path = daikiri_swiftTests.swift; sourceTree = "<group>"; };
		8D3C8ECB23C4E0EF003A5993 /* Info.plist */ = {isa = PBXFileReference; lastKnownFileType = text.plist.xml; path = Info.plist; sourceTree = "<group>"; };
		8D3C8ED523C4E160003A5993 /* Daikiri.swift */ = {isa = PBXFileReference; fileEncoding = 4; lastKnownFileType = sourcecode.swift; path = Daikiri.swift; sourceTree = "<group>"; };
		8D3C8ED623C4E160003A5993 /* DaikiriCoreData.swift */ = {isa = PBXFileReference; fileEncoding = 4; lastKnownFileType = sourcecode.swift; path = DaikiriCoreData.swift; sourceTree = "<group>"; };
		8D3C8ED723C4E160003A5993 /* QueryBuilder.swift */ = {isa = PBXFileReference; fileEncoding = 4; lastKnownFileType = sourcecode.swift; path = QueryBuilder.swift; sourceTree = "<group>"; };
		B8C752F0964592BD036E7617 /* Pods_daikiri_swift.framework */ = {isa = PBXFileReference; explicitFileType = wrapper.framework; includeInIndex = 0; path = Pods_daikiri_swift.framework; sourceTree = BUILT_PRODUCTS_DIR; };
		CCB3FBC191660E31001D9ADE /* Pods-daikiri-swiftTests.release.xcconfig */ = {isa = PBXFileReference; includeInIndex = 1; lastKnownFileType = text.xcconfig; name = "Pods-daikiri-swiftTests.release.xcconfig"; path = "Target Support Files/Pods-daikiri-swiftTests/Pods-daikiri-swiftTests.release.xcconfig"; sourceTree = "<group>"; };
/* End PBXFileReference section */

/* Begin PBXFrameworksBuildPhase section */
		8D3C8EA923C4E0ED003A5993 /* Frameworks */ = {
			isa = PBXFrameworksBuildPhase;
			buildActionMask = 2147483647;
			files = (
				67DD0BAE4542CE6EB9266FFD /* Pods_daikiri_swift.framework in Frameworks */,
			);
			runOnlyForDeploymentPostprocessing = 0;
		};
		8D3C8EC223C4E0EF003A5993 /* Frameworks */ = {
			isa = PBXFrameworksBuildPhase;
			buildActionMask = 2147483647;
			files = (
				FC39CB2F52C23ED14BB9B9AC /* Pods_daikiri_swiftTests.framework in Frameworks */,
			);
			runOnlyForDeploymentPostprocessing = 0;
		};
/* End PBXFrameworksBuildPhase section */

/* Begin PBXGroup section */
		0CB460C2EDAF81EA35718E84 /* Frameworks */ = {
			isa = PBXGroup;
			children = (
				B8C752F0964592BD036E7617 /* Pods_daikiri_swift.framework */,
				13AE31F37DFC78C22B59C6A9 /* Pods_daikiri_swiftTests.framework */,
			);
			name = Frameworks;
			sourceTree = "<group>";
		};
		35ECAD74589877B284039838 /* Pods */ = {
			isa = PBXGroup;
			children = (
				6B15274CC87BC3800CE6DEB3 /* Pods-daikiri-swift.debug.xcconfig */,
				787FBA9EE07368B631E3D178 /* Pods-daikiri-swift.release.xcconfig */,
				6E7D03A32F5CBB58C0F27F1D /* Pods-daikiri-swiftTests.debug.xcconfig */,
				CCB3FBC191660E31001D9ADE /* Pods-daikiri-swiftTests.release.xcconfig */,
			);
			path = Pods;
			sourceTree = "<group>";
		};
		8D3C8EA323C4E0ED003A5993 = {
			isa = PBXGroup;
			children = (
				8D3C8EAE23C4E0ED003A5993 /* daikiri-swift */,
				8D3C8EC823C4E0EF003A5993 /* daikiri-swiftTests */,
				8D3C8EAD23C4E0ED003A5993 /* Products */,
				35ECAD74589877B284039838 /* Pods */,
				0CB460C2EDAF81EA35718E84 /* Frameworks */,
			);
			sourceTree = "<group>";
		};
		8D3C8EAD23C4E0ED003A5993 /* Products */ = {
			isa = PBXGroup;
			children = (
				8D3C8EAC23C4E0ED003A5993 /* daikiri-swift.app */,
				8D3C8EC523C4E0EF003A5993 /* daikiri-swiftTests.xctest */,
			);
			name = Products;
			sourceTree = "<group>";
		};
		8D3C8EAE23C4E0ED003A5993 /* daikiri-swift */ = {
			isa = PBXGroup;
			children = (
				8D3C8ED423C4E13E003A5993 /* lib */,
				8D3C8EAF23C4E0ED003A5993 /* AppDelegate.swift */,
				8D3C8EB123C4E0ED003A5993 /* SceneDelegate.swift */,
				8D3C8EB323C4E0ED003A5993 /* ViewController.swift */,
				8D3C8EB523C4E0ED003A5993 /* Main.storyboard */,
				8D3C8EBB23C4E0EE003A5993 /* Assets.xcassets */,
				8D3C8EBD23C4E0EE003A5993 /* LaunchScreen.storyboard */,
				8D3C8EC023C4E0EE003A5993 /* Info.plist */,
				8D3C8EB823C4E0ED003A5993 /* daikiri_swift.xcdatamodeld */,
			);
			path = "daikiri-swift";
			sourceTree = "<group>";
		};
		8D3C8EC823C4E0EF003A5993 /* daikiri-swiftTests */ = {
			isa = PBXGroup;
			children = (
				8D3C8EC923C4E0EF003A5993 /* daikiri_swiftTests.swift */,
				8D3C8ECB23C4E0EF003A5993 /* Info.plist */,
			);
			path = "daikiri-swiftTests";
			sourceTree = "<group>";
		};
		8D3C8ED423C4E13E003A5993 /* lib */ = {
			isa = PBXGroup;
			children = (
				8D3C8ED523C4E160003A5993 /* Daikiri.swift */,
				8D3C8ED623C4E160003A5993 /* DaikiriCoreData.swift */,
				8D3C8ED723C4E160003A5993 /* QueryBuilder.swift */,
			);
			path = lib;
			sourceTree = "<group>";
		};
/* End PBXGroup section */

/* Begin PBXNativeTarget section */
		8D3C8EAB23C4E0ED003A5993 /* daikiri-swift */ = {
			isa = PBXNativeTarget;
			buildConfigurationList = 8D3C8ECE23C4E0EF003A5993 /* Build configuration list for PBXNativeTarget "daikiri-swift" */;
			buildPhases = (
				60ADEBCAD9240E9F4C559CB7 /* [CP] Check Pods Manifest.lock */,
				8D3C8EA823C4E0ED003A5993 /* Sources */,
				8D3C8EA923C4E0ED003A5993 /* Frameworks */,
				8D3C8EAA23C4E0ED003A5993 /* Resources */,
				5FBDCF883D85603873874465 /* [CP] Embed Pods Frameworks */,
			);
			buildRules = (
			);
			dependencies = (
			);
			name = "daikiri-swift";
			productName = "daikiri-swift";
			productReference = 8D3C8EAC23C4E0ED003A5993 /* daikiri-swift.app */;
			productType = "com.apple.product-type.application";
		};
		8D3C8EC423C4E0EF003A5993 /* daikiri-swiftTests */ = {
			isa = PBXNativeTarget;
			buildConfigurationList = 8D3C8ED123C4E0EF003A5993 /* Build configuration list for PBXNativeTarget "daikiri-swiftTests" */;
			buildPhases = (
				EA34F983A2FDFDECDEADA38B /* [CP] Check Pods Manifest.lock */,
				8D3C8EC123C4E0EF003A5993 /* Sources */,
				8D3C8EC223C4E0EF003A5993 /* Frameworks */,
				8D3C8EC323C4E0EF003A5993 /* Resources */,
			);
			buildRules = (
			);
			dependencies = (
				8D3C8EC723C4E0EF003A5993 /* PBXTargetDependency */,
			);
			name = "daikiri-swiftTests";
			productName = "daikiri-swiftTests";
			productReference = 8D3C8EC523C4E0EF003A5993 /* daikiri-swiftTests.xctest */;
			productType = "com.apple.product-type.bundle.unit-test";
		};
/* End PBXNativeTarget section */

/* Begin PBXProject section */
		8D3C8EA423C4E0ED003A5993 /* Project object */ = {
			isa = PBXProject;
			attributes = {
				LastSwiftUpdateCheck = 1130;
				LastUpgradeCheck = 1130;
				ORGANIZATIONNAME = "Revo Systems";
				TargetAttributes = {
					8D3C8EAB23C4E0ED003A5993 = {
						CreatedOnToolsVersion = 11.3;
					};
					8D3C8EC423C4E0EF003A5993 = {
						CreatedOnToolsVersion = 11.3;
						TestTargetID = 8D3C8EAB23C4E0ED003A5993;
					};
				};
			};
			buildConfigurationList = 8D3C8EA723C4E0ED003A5993 /* Build configuration list for PBXProject "daikiri-swift" */;
			compatibilityVersion = "Xcode 9.3";
			developmentRegion = en;
			hasScannedForEncodings = 0;
			knownRegions = (
				en,
				Base,
			);
			mainGroup = 8D3C8EA323C4E0ED003A5993;
			productRefGroup = 8D3C8EAD23C4E0ED003A5993 /* Products */;
			projectDirPath = "";
			projectRoot = "";
			targets = (
				8D3C8EAB23C4E0ED003A5993 /* daikiri-swift */,
				8D3C8EC423C4E0EF003A5993 /* daikiri-swiftTests */,
			);
		};
/* End PBXProject section */

/* Begin PBXResourcesBuildPhase section */
		8D3C8EAA23C4E0ED003A5993 /* Resources */ = {
			isa = PBXResourcesBuildPhase;
			buildActionMask = 2147483647;
			files = (
				8D3C8EBF23C4E0EE003A5993 /* LaunchScreen.storyboard in Resources */,
				8D3C8EBC23C4E0EE003A5993 /* Assets.xcassets in Resources */,
				8D3C8EB723C4E0ED003A5993 /* Main.storyboard in Resources */,
			);
			runOnlyForDeploymentPostprocessing = 0;
		};
		8D3C8EC323C4E0EF003A5993 /* Resources */ = {
			isa = PBXResourcesBuildPhase;
			buildActionMask = 2147483647;
			files = (
			);
			runOnlyForDeploymentPostprocessing = 0;
		};
/* End PBXResourcesBuildPhase section */

/* Begin PBXShellScriptBuildPhase section */
		5FBDCF883D85603873874465 /* [CP] Embed Pods Frameworks */ = {
			isa = PBXShellScriptBuildPhase;
			buildActionMask = 2147483647;
			files = (
			);
			inputFileListPaths = (
				"${PODS_ROOT}/Target Support Files/Pods-daikiri-swift/Pods-daikiri-swift-frameworks-${CONFIGURATION}-input-files.xcfilelist",
			);
			name = "[CP] Embed Pods Frameworks";
			outputFileListPaths = (
				"${PODS_ROOT}/Target Support Files/Pods-daikiri-swift/Pods-daikiri-swift-frameworks-${CONFIGURATION}-output-files.xcfilelist",
			);
			runOnlyForDeploymentPostprocessing = 0;
			shellPath = /bin/sh;
			shellScript = "\"${PODS_ROOT}/Target Support Files/Pods-daikiri-swift/Pods-daikiri-swift-frameworks.sh\"\n";
			showEnvVarsInLog = 0;
		};
		60ADEBCAD9240E9F4C559CB7 /* [CP] Check Pods Manifest.lock */ = {
			isa = PBXShellScriptBuildPhase;
			buildActionMask = 2147483647;
			files = (
			);
			inputFileListPaths = (
			);
			inputPaths = (
				"${PODS_PODFILE_DIR_PATH}/Podfile.lock",
				"${PODS_ROOT}/Manifest.lock",
			);
			name = "[CP] Check Pods Manifest.lock";
			outputFileListPaths = (
			);
			outputPaths = (
				"$(DERIVED_FILE_DIR)/Pods-daikiri-swift-checkManifestLockResult.txt",
			);
			runOnlyForDeploymentPostprocessing = 0;
			shellPath = /bin/sh;
			shellScript = "diff \"${PODS_PODFILE_DIR_PATH}/Podfile.lock\" \"${PODS_ROOT}/Manifest.lock\" > /dev/null\nif [ $? != 0 ] ; then\n    # print error to STDERR\n    echo \"error: The sandbox is not in sync with the Podfile.lock. Run 'pod install' or update your CocoaPods installation.\" >&2\n    exit 1\nfi\n# This output is used by Xcode 'outputs' to avoid re-running this script phase.\necho \"SUCCESS\" > \"${SCRIPT_OUTPUT_FILE_0}\"\n";
			showEnvVarsInLog = 0;
		};
		EA34F983A2FDFDECDEADA38B /* [CP] Check Pods Manifest.lock */ = {
			isa = PBXShellScriptBuildPhase;
			buildActionMask = 2147483647;
			files = (
			);
			inputFileListPaths = (
			);
			inputPaths = (
				"${PODS_PODFILE_DIR_PATH}/Podfile.lock",
				"${PODS_ROOT}/Manifest.lock",
			);
			name = "[CP] Check Pods Manifest.lock";
			outputFileListPaths = (
			);
			outputPaths = (
				"$(DERIVED_FILE_DIR)/Pods-daikiri-swiftTests-checkManifestLockResult.txt",
			);
			runOnlyForDeploymentPostprocessing = 0;
			shellPath = /bin/sh;
			shellScript = "diff \"${PODS_PODFILE_DIR_PATH}/Podfile.lock\" \"${PODS_ROOT}/Manifest.lock\" > /dev/null\nif [ $? != 0 ] ; then\n    # print error to STDERR\n    echo \"error: The sandbox is not in sync with the Podfile.lock. Run 'pod install' or update your CocoaPods installation.\" >&2\n    exit 1\nfi\n# This output is used by Xcode 'outputs' to avoid re-running this script phase.\necho \"SUCCESS\" > \"${SCRIPT_OUTPUT_FILE_0}\"\n";
			showEnvVarsInLog = 0;
		};
/* End PBXShellScriptBuildPhase section */

/* Begin PBXSourcesBuildPhase section */
		8D3C8EA823C4E0ED003A5993 /* Sources */ = {
			isa = PBXSourcesBuildPhase;
			buildActionMask = 2147483647;
			files = (
				8D3C8EDA23C4E160003A5993 /* QueryBuilder.swift in Sources */,
				8D3C8ED923C4E160003A5993 /* DaikiriCoreData.swift in Sources */,
				8D3C8EB423C4E0ED003A5993 /* ViewController.swift in Sources */,
				8D3C8ED823C4E160003A5993 /* Daikiri.swift in Sources */,
				8D3C8EB023C4E0ED003A5993 /* AppDelegate.swift in Sources */,
				8D3C8EB223C4E0ED003A5993 /* SceneDelegate.swift in Sources */,
				8D3C8EBA23C4E0ED003A5993 /* daikiri_swift.xcdatamodeld in Sources */,
			);
			runOnlyForDeploymentPostprocessing = 0;
		};
		8D3C8EC123C4E0EF003A5993 /* Sources */ = {
			isa = PBXSourcesBuildPhase;
			buildActionMask = 2147483647;
			files = (
				8D3C8ECA23C4E0EF003A5993 /* daikiri_swiftTests.swift in Sources */,
			);
			runOnlyForDeploymentPostprocessing = 0;
		};
/* End PBXSourcesBuildPhase section */

/* Begin PBXTargetDependency section */
		8D3C8EC723C4E0EF003A5993 /* PBXTargetDependency */ = {
			isa = PBXTargetDependency;
			target = 8D3C8EAB23C4E0ED003A5993 /* daikiri-swift */;
			targetProxy = 8D3C8EC623C4E0EF003A5993 /* PBXContainerItemProxy */;
		};
/* End PBXTargetDependency section */

/* Begin PBXVariantGroup section */
		8D3C8EB523C4E0ED003A5993 /* Main.storyboard */ = {
			isa = PBXVariantGroup;
			children = (
				8D3C8EB623C4E0ED003A5993 /* Base */,
			);
			name = Main.storyboard;
			sourceTree = "<group>";
		};
		8D3C8EBD23C4E0EE003A5993 /* LaunchScreen.storyboard */ = {
			isa = PBXVariantGroup;
			children = (
				8D3C8EBE23C4E0EE003A5993 /* Base */,
			);
			name = LaunchScreen.storyboard;
			sourceTree = "<group>";
		};
/* End PBXVariantGroup section */

/* Begin XCBuildConfiguration section */
		8D3C8ECC23C4E0EF003A5993 /* Debug */ = {
			isa = XCBuildConfiguration;
			buildSettings = {
				ALWAYS_SEARCH_USER_PATHS = NO;
				CLANG_ANALYZER_NONNULL = YES;
				CLANG_ANALYZER_NUMBER_OBJECT_CONVERSION = YES_AGGRESSIVE;
				CLANG_CXX_LANGUAGE_STANDARD = "gnu++14";
				CLANG_CXX_LIBRARY = "libc++";
				CLANG_ENABLE_MODULES = YES;
				CLANG_ENABLE_OBJC_ARC = YES;
				CLANG_ENABLE_OBJC_WEAK = YES;
				CLANG_WARN_BLOCK_CAPTURE_AUTORELEASING = YES;
				CLANG_WARN_BOOL_CONVERSION = YES;
				CLANG_WARN_COMMA = YES;
				CLANG_WARN_CONSTANT_CONVERSION = YES;
				CLANG_WARN_DEPRECATED_OBJC_IMPLEMENTATIONS = YES;
				CLANG_WARN_DIRECT_OBJC_ISA_USAGE = YES_ERROR;
				CLANG_WARN_DOCUMENTATION_COMMENTS = YES;
				CLANG_WARN_EMPTY_BODY = YES;
				CLANG_WARN_ENUM_CONVERSION = YES;
				CLANG_WARN_INFINITE_RECURSION = YES;
				CLANG_WARN_INT_CONVERSION = YES;
				CLANG_WARN_NON_LITERAL_NULL_CONVERSION = YES;
				CLANG_WARN_OBJC_IMPLICIT_RETAIN_SELF = YES;
				CLANG_WARN_OBJC_LITERAL_CONVERSION = YES;
				CLANG_WARN_OBJC_ROOT_CLASS = YES_ERROR;
				CLANG_WARN_RANGE_LOOP_ANALYSIS = YES;
				CLANG_WARN_STRICT_PROTOTYPES = YES;
				CLANG_WARN_SUSPICIOUS_MOVE = YES;
				CLANG_WARN_UNGUARDED_AVAILABILITY = YES_AGGRESSIVE;
				CLANG_WARN_UNREACHABLE_CODE = YES;
				CLANG_WARN__DUPLICATE_METHOD_MATCH = YES;
				COPY_PHASE_STRIP = NO;
				DEBUG_INFORMATION_FORMAT = dwarf;
				ENABLE_STRICT_OBJC_MSGSEND = YES;
				ENABLE_TESTABILITY = YES;
				GCC_C_LANGUAGE_STANDARD = gnu11;
				GCC_DYNAMIC_NO_PIC = NO;
				GCC_NO_COMMON_BLOCKS = YES;
				GCC_OPTIMIZATION_LEVEL = 0;
				GCC_PREPROCESSOR_DEFINITIONS = (
					"DEBUG=1",
					"$(inherited)",
				);
				GCC_WARN_64_TO_32_BIT_CONVERSION = YES;
				GCC_WARN_ABOUT_RETURN_TYPE = YES_ERROR;
				GCC_WARN_UNDECLARED_SELECTOR = YES;
				GCC_WARN_UNINITIALIZED_AUTOS = YES_AGGRESSIVE;
				GCC_WARN_UNUSED_FUNCTION = YES;
				GCC_WARN_UNUSED_VARIABLE = YES;
				IPHONEOS_DEPLOYMENT_TARGET = 13.2;
				MTL_ENABLE_DEBUG_INFO = INCLUDE_SOURCE;
				MTL_FAST_MATH = YES;
				ONLY_ACTIVE_ARCH = YES;
				SDKROOT = iphoneos;
				SWIFT_ACTIVE_COMPILATION_CONDITIONS = DEBUG;
				SWIFT_OPTIMIZATION_LEVEL = "-Onone";
			};
			name = Debug;
		};
		8D3C8ECD23C4E0EF003A5993 /* Release */ = {
			isa = XCBuildConfiguration;
			buildSettings = {
				ALWAYS_SEARCH_USER_PATHS = NO;
				CLANG_ANALYZER_NONNULL = YES;
				CLANG_ANALYZER_NUMBER_OBJECT_CONVERSION = YES_AGGRESSIVE;
				CLANG_CXX_LANGUAGE_STANDARD = "gnu++14";
				CLANG_CXX_LIBRARY = "libc++";
				CLANG_ENABLE_MODULES = YES;
				CLANG_ENABLE_OBJC_ARC = YES;
				CLANG_ENABLE_OBJC_WEAK = YES;
				CLANG_WARN_BLOCK_CAPTURE_AUTORELEASING = YES;
				CLANG_WARN_BOOL_CONVERSION = YES;
				CLANG_WARN_COMMA = YES;
				CLANG_WARN_CONSTANT_CONVERSION = YES;
				CLANG_WARN_DEPRECATED_OBJC_IMPLEMENTATIONS = YES;
				CLANG_WARN_DIRECT_OBJC_ISA_USAGE = YES_ERROR;
				CLANG_WARN_DOCUMENTATION_COMMENTS = YES;
				CLANG_WARN_EMPTY_BODY = YES;
				CLANG_WARN_ENUM_CONVERSION = YES;
				CLANG_WARN_INFINITE_RECURSION = YES;
				CLANG_WARN_INT_CONVERSION = YES;
				CLANG_WARN_NON_LITERAL_NULL_CONVERSION = YES;
				CLANG_WARN_OBJC_IMPLICIT_RETAIN_SELF = YES;
				CLANG_WARN_OBJC_LITERAL_CONVERSION = YES;
				CLANG_WARN_OBJC_ROOT_CLASS = YES_ERROR;
				CLANG_WARN_RANGE_LOOP_ANALYSIS = YES;
				CLANG_WARN_STRICT_PROTOTYPES = YES;
				CLANG_WARN_SUSPICIOUS_MOVE = YES;
				CLANG_WARN_UNGUARDED_AVAILABILITY = YES_AGGRESSIVE;
				CLANG_WARN_UNREACHABLE_CODE = YES;
				CLANG_WARN__DUPLICATE_METHOD_MATCH = YES;
				COPY_PHASE_STRIP = NO;
				DEBUG_INFORMATION_FORMAT = "dwarf-with-dsym";
				ENABLE_NS_ASSERTIONS = NO;
				ENABLE_STRICT_OBJC_MSGSEND = YES;
				GCC_C_LANGUAGE_STANDARD = gnu11;
				GCC_NO_COMMON_BLOCKS = YES;
				GCC_WARN_64_TO_32_BIT_CONVERSION = YES;
				GCC_WARN_ABOUT_RETURN_TYPE = YES_ERROR;
				GCC_WARN_UNDECLARED_SELECTOR = YES;
				GCC_WARN_UNINITIALIZED_AUTOS = YES_AGGRESSIVE;
				GCC_WARN_UNUSED_FUNCTION = YES;
				GCC_WARN_UNUSED_VARIABLE = YES;
				IPHONEOS_DEPLOYMENT_TARGET = 13.2;
				MTL_ENABLE_DEBUG_INFO = NO;
				MTL_FAST_MATH = YES;
				SDKROOT = iphoneos;
				SWIFT_COMPILATION_MODE = wholemodule;
				SWIFT_OPTIMIZATION_LEVEL = "-O";
				VALIDATE_PRODUCT = YES;
			};
			name = Release;
		};
		8D3C8ECF23C4E0EF003A5993 /* Debug */ = {
			isa = XCBuildConfiguration;
			baseConfigurationReference = 6B15274CC87BC3800CE6DEB3 /* Pods-daikiri-swift.debug.xcconfig */;
			buildSettings = {
				ASSETCATALOG_COMPILER_APPICON_NAME = AppIcon;
				CODE_SIGN_STYLE = Automatic;
				DEVELOPMENT_TEAM = F2VSE3YKKD;
				INFOPLIST_FILE = "daikiri-swift/Info.plist";
				LD_RUNPATH_SEARCH_PATHS = (
					"$(inherited)",
					"@executable_path/Frameworks",
				);
				PRODUCT_BUNDLE_IDENTIFIER = "works.revo.daikiri-swift";
				PRODUCT_NAME = "$(TARGET_NAME)";
				SWIFT_VERSION = 5.0;
				TARGETED_DEVICE_FAMILY = "1,2";
			};
			name = Debug;
		};
		8D3C8ED023C4E0EF003A5993 /* Release */ = {
			isa = XCBuildConfiguration;
			baseConfigurationReference = 787FBA9EE07368B631E3D178 /* Pods-daikiri-swift.release.xcconfig */;
			buildSettings = {
				ASSETCATALOG_COMPILER_APPICON_NAME = AppIcon;
				CODE_SIGN_STYLE = Automatic;
				DEVELOPMENT_TEAM = F2VSE3YKKD;
				INFOPLIST_FILE = "daikiri-swift/Info.plist";
				LD_RUNPATH_SEARCH_PATHS = (
					"$(inherited)",
					"@executable_path/Frameworks",
				);
				PRODUCT_BUNDLE_IDENTIFIER = "works.revo.daikiri-swift";
				PRODUCT_NAME = "$(TARGET_NAME)";
				SWIFT_VERSION = 5.0;
				TARGETED_DEVICE_FAMILY = "1,2";
			};
			name = Release;
		};
		8D3C8ED223C4E0EF003A5993 /* Debug */ = {
			isa = XCBuildConfiguration;
			baseConfigurationReference = 6E7D03A32F5CBB58C0F27F1D /* Pods-daikiri-swiftTests.debug.xcconfig */;
			buildSettings = {
				ALWAYS_EMBED_SWIFT_STANDARD_LIBRARIES = YES;
				BUNDLE_LOADER = "$(TEST_HOST)";
				CODE_SIGN_STYLE = Automatic;
				DEVELOPMENT_TEAM = F2VSE3YKKD;
				INFOPLIST_FILE = "daikiri-swiftTests/Info.plist";
				IPHONEOS_DEPLOYMENT_TARGET = 13.2;
				LD_RUNPATH_SEARCH_PATHS = (
					"$(inherited)",
					"@executable_path/Frameworks",
					"@loader_path/Frameworks",
				);
				PRODUCT_BUNDLE_IDENTIFIER = "works.revo.daikiri-swiftTests";
				PRODUCT_NAME = "$(TARGET_NAME)";
				SWIFT_VERSION = 5.0;
				TARGETED_DEVICE_FAMILY = "1,2";
				TEST_HOST = "$(BUILT_PRODUCTS_DIR)/daikiri-swift.app/daikiri-swift";
			};
			name = Debug;
		};
		8D3C8ED323C4E0EF003A5993 /* Release */ = {
			isa = XCBuildConfiguration;
			baseConfigurationReference = CCB3FBC191660E31001D9ADE /* Pods-daikiri-swiftTests.release.xcconfig */;
			buildSettings = {
				ALWAYS_EMBED_SWIFT_STANDARD_LIBRARIES = YES;
				BUNDLE_LOADER = "$(TEST_HOST)";
				CODE_SIGN_STYLE = Automatic;
				DEVELOPMENT_TEAM = F2VSE3YKKD;
				INFOPLIST_FILE = "daikiri-swiftTests/Info.plist";
				IPHONEOS_DEPLOYMENT_TARGET = 13.2;
				LD_RUNPATH_SEARCH_PATHS = (
					"$(inherited)",
					"@executable_path/Frameworks",
					"@loader_path/Frameworks",
				);
				PRODUCT_BUNDLE_IDENTIFIER = "works.revo.daikiri-swiftTests";
				PRODUCT_NAME = "$(TARGET_NAME)";
				SWIFT_VERSION = 5.0;
				TARGETED_DEVICE_FAMILY = "1,2";
				TEST_HOST = "$(BUILT_PRODUCTS_DIR)/daikiri-swift.app/daikiri-swift";
			};
			name = Release;
		};
/* End XCBuildConfiguration section */

/* Begin XCConfigurationList section */
		8D3C8EA723C4E0ED003A5993 /* Build configuration list for PBXProject "daikiri-swift" */ = {
			isa = XCConfigurationList;
			buildConfigurations = (
				8D3C8ECC23C4E0EF003A5993 /* Debug */,
				8D3C8ECD23C4E0EF003A5993 /* Release */,
			);
			defaultConfigurationIsVisible = 0;
			defaultConfigurationName = Release;
		};
		8D3C8ECE23C4E0EF003A5993 /* Build configuration list for PBXNativeTarget "daikiri-swift" */ = {
			isa = XCConfigurationList;
			buildConfigurations = (
				8D3C8ECF23C4E0EF003A5993 /* Debug */,
				8D3C8ED023C4E0EF003A5993 /* Release */,
			);
			defaultConfigurationIsVisible = 0;
			defaultConfigurationName = Release;
		};
		8D3C8ED123C4E0EF003A5993 /* Build configuration list for PBXNativeTarget "daikiri-swiftTests" */ = {
			isa = XCConfigurationList;
			buildConfigurations = (
				8D3C8ED223C4E0EF003A5993 /* Debug */,
				8D3C8ED323C4E0EF003A5993 /* Release */,
			);
			defaultConfigurationIsVisible = 0;
			defaultConfigurationName = Release;
		};
/* End XCConfigurationList section */

/* Begin XCVersionGroup section */
		8D3C8EB823C4E0ED003A5993 /* daikiri_swift.xcdatamodeld */ = {
			isa = XCVersionGroup;
			children = (
				8D3C8EB923C4E0ED003A5993 /* daikiri_swift.xcdatamodel */,
			);
			currentVersion = 8D3C8EB923C4E0ED003A5993 /* daikiri_swift.xcdatamodel */;
			path = daikiri_swift.xcdatamodeld;
			sourceTree = "<group>";
			versionGroupType = wrapper.xcdatamodel;
		};
/* End XCVersionGroup section */
	};
	rootObject = 8D3C8EA423C4E0ED003A5993 /* Project object */;
}
